
Microsoft Visual Studio Solution File, Format Version 12.00
Project("{FAE04EC0-301F-11D3-BF4B-00C04F79EFBC}") = "Wallet.API", "Wallet.API\Wallet.API.csproj", "{0A27FEAD-1F91-4773-8FBD-3C6036421A15}"
EndProject
Project("{2150E333-8FDC-42A3-9474-1A3956D46DE8}") = "Solution Items", "Solution Items", "{1B08898C-0FC2-489E-AB12-166001BBDCD3}"
	ProjectSection(SolutionItems) = preProject
		compose.yaml = compose.yaml
		.env = .env
		.gitignore = .gitignore
		README.md = README.md
	EndProjectSection
EndProject
Project("{FAE04EC0-301F-11D3-BF4B-00C04F79EFBC}") = "Wallet.Application", "Wallet.Application\Wallet.Application.csproj", "{AFE4593D-EC21-402D-B1E6-88C72A85B58C}"
EndProject
Project("{FAE04EC0-301F-11D3-BF4B-00C04F79EFBC}") = "Wallet.Domain", "Wallet.Domain\Wallet.Domain.csproj", "{3ECA1548-82A4-4557-BA0C-CB08B4BB2B82}"
EndProject
Project("{FAE04EC0-301F-11D3-BF4B-00C04F79EFBC}") = "Wallet.Infrastructure", "Wallet.Infrastructure\Wallet.Infrastructure.csproj", "{5D27CF89-2342-4EF0-B5E9-70234F6D1596}"
EndProject
Global
	GlobalSection(SolutionConfigurationPlatforms) = preSolution
		Debug|Any CPU = Debug|Any CPU
		Release|Any CPU = Release|Any CPU
	EndGlobalSection
	GlobalSection(ProjectConfigurationPlatforms) = postSolution
		{0A27FEAD-1F91-4773-8FBD-3C6036421A15}.Debug|Any CPU.ActiveCfg = Debug|Any CPU
		{0A27FEAD-1F91-4773-8FBD-3C6036421A15}.Debug|Any CPU.Build.0 = Debug|Any CPU
		{0A27FEAD-1F91-4773-8FBD-3C6036421A15}.Release|Any CPU.ActiveCfg = Release|Any CPU
		{0A27FEAD-1F91-4773-8FBD-3C6036421A15}.Release|Any CPU.Build.0 = Release|Any CPU
		{AFE4593D-EC21-402D-B1E6-88C72A85B58C}.Debug|Any CPU.ActiveCfg = Debug|Any CPU
		{AFE4593D-EC21-402D-B1E6-88C72A85B58C}.Debug|Any CPU.Build.0 = Debug|Any CPU
		{AFE4593D-EC21-402D-B1E6-88C72A85B58C}.Release|Any CPU.ActiveCfg = Release|Any CPU
		{AFE4593D-EC21-402D-B1E6-88C72A85B58C}.Release|Any CPU.Build.0 = Release|Any CPU
		{3ECA1548-82A4-4557-BA0C-CB08B4BB2B82}.Debug|Any CPU.ActiveCfg = Debug|Any CPU
		{3ECA1548-82A4-4557-BA0C-CB08B4BB2B82}.Debug|Any CPU.Build.0 = Debug|Any CPU
		{3ECA1548-82A4-4557-BA0C-CB08B4BB2B82}.Release|Any CPU.ActiveCfg = Release|Any CPU
		{3ECA1548-82A4-4557-BA0C-CB08B4BB2B82}.Release|Any CPU.Build.0 = Release|Any CPU
		{5D27CF89-2342-4EF0-B5E9-70234F6D1596}.Debug|Any CPU.ActiveCfg = Debug|Any CPU
		{5D27CF89-2342-4EF0-B5E9-70234F6D1596}.Debug|Any CPU.Build.0 = Debug|Any CPU
		{5D27CF89-2342-4EF0-B5E9-70234F6D1596}.Release|Any CPU.ActiveCfg = Release|Any CPU
		{5D27CF89-2342-4EF0-B5E9-70234F6D1596}.Release|Any CPU.Build.0 = Release|Any CPU
	EndGlobalSection
EndGlobal
